
Microsoft Visual Studio Solution File, Format Version 12.00
# Visual Studio Version 16
VisualStudioVersion = 16.0.29418.71
MinimumVisualStudioVersion = 10.0.40219.1
Project("{FAE04EC0-301F-11D3-BF4B-00C04F79EFBC}") = "Employee", "Employee\Employee.csproj", "{02818FF8-CCC5-43E0-8785-65595EACCBBB}"
EndProject
Global
	GlobalSection(SolutionConfigurationPlatforms) = preSolution
		Debug|Any CPU = Debug|Any CPU
		Release|Any CPU = Release|Any CPU
	EndGlobalSection
	GlobalSection(ProjectConfigurationPlatforms) = postSolution
		{02818FF8-CCC5-43E0-8785-65595EACCBBB}.Debug|Any CPU.ActiveCfg = Debug|Any CPU
		{02818FF8-CCC5-43E0-8785-65595EACCBBB}.Debug|Any CPU.Build.0 = Debug|Any CPU
		{02818FF8-CCC5-43E0-8785-65595EACCBBB}.Release|Any CPU.ActiveCfg = Release|Any CPU
		{02818FF8-CCC5-43E0-8785-65595EACCBBB}.Release|Any CPU.Build.0 = Release|Any CPU
	EndGlobalSection
	GlobalSection(SolutionProperties) = preSolution
		HideSolutionNode = FALSE
	EndGlobalSection
	GlobalSection(ExtensibilityGlobals) = postSolution
		SolutionGuid = {09395BA1-0DCC-4194-895D-55F2ECDCBE05}
	EndGlobalSection
EndGlobal
